// !$*UTF8*$!
{
	archiveVersion = 1;
	classes = {
	};
	objectVersion = 56;
	objects = {

/* Begin PBXAggregateTarget section */
		F4B808942931A6CA0049B6EB /* all */ = {
			isa = PBXAggregateTarget;
			buildConfigurationList = F4B808972931A6CA0049B6EB /* Build configuration list for PBXAggregateTarget "all" */;
			buildPhases = (
			);
			dependencies = (
				F4B808992931A6DB0049B6EB /* PBXTargetDependency */,
				F4B8089D2931A6DB0049B6EB /* PBXTargetDependency */,
				F4B8089B2931A6DB0049B6EB /* PBXTargetDependency */,
			);
			name = all;
			productName = all;
		};
/* End PBXAggregateTarget section */

/* Begin PBXBuildFile section */
		F44E9394295CB6D300A60C28 /* Locator.cc in Sources */ = {isa = PBXBuildFile; fileRef = F44E9393295CB6D300A60C28 /* Locator.cc */; };
		F45E73EE294ACCE20032D589 /* xtrt0.s in CopyFiles */ = {isa = PBXBuildFile; fileRef = F45E73EB294ACA6A0032D589 /* xtrt0.s */; };
		F480EF0C2922B472008584FB /* main.cc in Sources */ = {isa = PBXBuildFile; fileRef = F480EF0B2922B472008584FB /* main.cc */; };
		F480EF192922B512008584FB /* main.cc in Sources */ = {isa = PBXBuildFile; fileRef = F480EF182922B512008584FB /* main.cc */; };
		F480EF242922B564008584FB /* main.cc in Sources */ = {isa = PBXBuildFile; fileRef = F480EF232922B564008584FB /* main.cc */; };
		F480EF352922B81B008584FB /* Engine.yp in Sources */ = {isa = PBXBuildFile; fileRef = F480EF292922B81B008584FB /* Engine.yp */; };
		F480EF362922B81B008584FB /* Macro.cc in Sources */ = {isa = PBXBuildFile; fileRef = F480EF2C2922B81B008584FB /* Macro.cc */; };
		F480EF372922B81B008584FB /* Token.cc in Sources */ = {isa = PBXBuildFile; fileRef = F480EF2D2922B81B008584FB /* Token.cc */; };
		F480EF382922B81B008584FB /* Engine.cc in Sources */ = {isa = PBXBuildFile; fileRef = F480EF2F2922B81B008584FB /* Engine.cc */; };
		F480EF392922B81B008584FB /* Assembler.cc in Sources */ = {isa = PBXBuildFile; fileRef = F480EF302922B81B008584FB /* Assembler.cc */; };
		F480EF3A2922B81B008584FB /* OutputBlock.cc in Sources */ = {isa = PBXBuildFile; fileRef = F480EF322922B81B008584FB /* OutputBlock.cc */; };
		F480EF3B2922B81B008584FB /* Scanner.cc in Sources */ = {isa = PBXBuildFile; fileRef = F480EF342922B81B008584FB /* Scanner.cc */; };
		F480EF502922BB66008584FB /* ArgParser.cc in Sources */ = {isa = PBXBuildFile; fileRef = F480EF422922BB66008584FB /* ArgParser.cc */; };
		F480EF512922BB66008584FB /* ArgParser.cc in Sources */ = {isa = PBXBuildFile; fileRef = F480EF422922BB66008584FB /* ArgParser.cc */; };
		F480EF522922BB66008584FB /* ArgParser.cc in Sources */ = {isa = PBXBuildFile; fileRef = F480EF422922BB66008584FB /* ArgParser.cc */; };
		F480EF532922BB66008584FB /* NotifyCenter.cc in Sources */ = {isa = PBXBuildFile; fileRef = F480EF432922BB66008584FB /* NotifyCenter.cc */; };
		F480EF542922BB66008584FB /* NotifyCenter.cc in Sources */ = {isa = PBXBuildFile; fileRef = F480EF432922BB66008584FB /* NotifyCenter.cc */; };
		F480EF552922BB66008584FB /* NotifyCenter.cc in Sources */ = {isa = PBXBuildFile; fileRef = F480EF432922BB66008584FB /* NotifyCenter.cc */; };
		F480EF562922BB66008584FB /* HelpItem.cc in Sources */ = {isa = PBXBuildFile; fileRef = F480EF452922BB66008584FB /* HelpItem.cc */; };
		F480EF572922BB66008584FB /* HelpItem.cc in Sources */ = {isa = PBXBuildFile; fileRef = F480EF452922BB66008584FB /* HelpItem.cc */; };
		F480EF582922BB66008584FB /* HelpItem.cc in Sources */ = {isa = PBXBuildFile; fileRef = F480EF452922BB66008584FB /* HelpItem.cc */; };
		F480EF592922BB66008584FB /* Stringutils.cc in Sources */ = {isa = PBXBuildFile; fileRef = F480EF492922BB66008584FB /* Stringutils.cc */; };
		F480EF5A2922BB66008584FB /* Stringutils.cc in Sources */ = {isa = PBXBuildFile; fileRef = F480EF492922BB66008584FB /* Stringutils.cc */; };
		F480EF5B2922BB66008584FB /* Stringutils.cc in Sources */ = {isa = PBXBuildFile; fileRef = F480EF492922BB66008584FB /* Stringutils.cc */; };
		F480EF6A2922BD7A008584FB /* stdmacros.s in Copy Library Files */ = {isa = PBXBuildFile; fileRef = F480EF652922BC1A008584FB /* stdmacros.s */; };
		F480EF6B2922BDE5008584FB /* xtal-a in Copy Binaries */ = {isa = PBXBuildFile; fileRef = F480EF212922B564008584FB /* xtal-a */; };
		F480EF7C2922C657008584FB /* Expression.cc in Sources */ = {isa = PBXBuildFile; fileRef = F480EF702922C657008584FB /* Expression.cc */; };
		F480EF7D2922C657008584FB /* ASTNode.cc in Sources */ = {isa = PBXBuildFile; fileRef = F480EF712922C657008584FB /* ASTNode.cc */; };
		F480EF7E2922C657008584FB /* A8Emitter.cc in Sources */ = {isa = PBXBuildFile; fileRef = F480EF732922C657008584FB /* A8Emitter.cc */; };
		F480EF7F2922C657008584FB /* Token.cc in Sources */ = {isa = PBXBuildFile; fileRef = F480EF742922C657008584FB /* Token.cc */; };
		F480EF802922C657008584FB /* Scanner.cc in Sources */ = {isa = PBXBuildFile; fileRef = F480EF752922C657008584FB /* Scanner.cc */; };
		F480EF812922C657008584FB /* RegisterFile.cc in Sources */ = {isa = PBXBuildFile; fileRef = F480EF762922C657008584FB /* RegisterFile.cc */; };
		F480EF822922C657008584FB /* Register.cc in Sources */ = {isa = PBXBuildFile; fileRef = F480EF792922C657008584FB /* Register.cc */; };
		F480EF832922C657008584FB /* Compiler.cc in Sources */ = {isa = PBXBuildFile; fileRef = F480EF7B2922C657008584FB /* Compiler.cc */; };
		F480EF842922C8E9008584FB /* xtal-c in Copy Binaries */ = {isa = PBXBuildFile; fileRef = F480EF162922B512008584FB /* xtal-c */; };
		F4AE74102931705C0000F817 /* Driver.cc in Sources */ = {isa = PBXBuildFile; fileRef = F4AE740F2931705C0000F817 /* Driver.cc */; };
		F4AE741129317A080000F817 /* xtal in Copy Binaries */ = {isa = PBXBuildFile; fileRef = F480EF082922B472008584FB /* xtal */; };
		F4B53B3B29329D950023B3AB /* Symbol.cc in Sources */ = {isa = PBXBuildFile; fileRef = F4B53B3A29329D950023B3AB /* Symbol.cc */; };
		F4B53B3E29329FBC0023B3AB /* SymbolTable.cc in Sources */ = {isa = PBXBuildFile; fileRef = F4B53B3D29329FBC0023B3AB /* SymbolTable.cc */; };
		F4B53B412932AB8C0023B3AB /* Emitter.cc in Sources */ = {isa = PBXBuildFile; fileRef = F4B53B402932AB8C0023B3AB /* Emitter.cc */; };
		F4B53B492932E9300023B3AB /* Statement.cc in Sources */ = {isa = PBXBuildFile; fileRef = F4B53B482932E9300023B3AB /* Statement.cc */; };
		F4B8088B29272F2A0049B6EB /* Locator.cc in Sources */ = {isa = PBXBuildFile; fileRef = F4B8088A29272F2A0049B6EB /* Locator.cc */; };
		F4B8088E292DDA470049B6EB /* stdio.s in Copy stdio Module files */ = {isa = PBXBuildFile; fileRef = F4B8088C292DD9B70049B6EB /* stdio.s */; };
		F4B80893292DE4E10049B6EB /* Function.cc in Sources */ = {isa = PBXBuildFile; fileRef = F4B80892292DE4E10049B6EB /* Function.cc */; };
		F4B808A829385D550049B6EB /* Types.cc in Sources */ = {isa = PBXBuildFile; fileRef = F4B808A729385D550049B6EB /* Types.cc */; };
/* End PBXBuildFile section */

/* Begin PBXContainerItemProxy section */
		F4B808982931A6DB0049B6EB /* PBXContainerItemProxy */ = {
			isa = PBXContainerItemProxy;
			containerPortal = F480EF002922B472008584FB /* Project object */;
			proxyType = 1;
			remoteGlobalIDString = F480EF072922B472008584FB;
			remoteInfo = xtal;
		};
		F4B8089A2931A6DB0049B6EB /* PBXContainerItemProxy */ = {
			isa = PBXContainerItemProxy;
			containerPortal = F480EF002922B472008584FB /* Project object */;
			proxyType = 1;
			remoteGlobalIDString = F480EF202922B564008584FB;
			remoteInfo = "xtal-a";
		};
		F4B8089C2931A6DB0049B6EB /* PBXContainerItemProxy */ = {
			isa = PBXContainerItemProxy;
			containerPortal = F480EF002922B472008584FB /* Project object */;
			proxyType = 1;
			remoteGlobalIDString = F480EF152922B512008584FB;
			remoteInfo = "xtal-c";
		};
/* End PBXContainerItemProxy section */

/* Begin PBXCopyFilesBuildPhase section */
		F44E938C295BCE0600A60C28 /* Copy stdio Module files */ = {
			isa = PBXCopyFilesBuildPhase;
			buildActionMask = 2147483647;
			dstPath = /opt/xtal/lib/modules/stdio;
			dstSubfolderSpec = 0;
			files = (
				F4B8088E292DDA470049B6EB /* stdio.s in Copy stdio Module files */,
			);
			name = "Copy stdio Module files";
			runOnlyForDeploymentPostprocessing = 0;
		};
		F45E73ED294ACCCC0032D589 /* CopyFiles */ = {
			isa = PBXCopyFilesBuildPhase;
			buildActionMask = 2147483647;
			dstPath = /opt/xtal/lib;
			dstSubfolderSpec = 0;
			files = (
				F45E73EE294ACCE20032D589 /* xtrt0.s in CopyFiles */,
			);
			runOnlyForDeploymentPostprocessing = 0;
		};
		F480EF062922B472008584FB /* Copy Binaries */ = {
			isa = PBXCopyFilesBuildPhase;
			buildActionMask = 12;
			dstPath = /opt/xtal/bin;
			dstSubfolderSpec = 0;
			files = (
				F4AE741129317A080000F817 /* xtal in Copy Binaries */,
			);
			name = "Copy Binaries";
			runOnlyForDeploymentPostprocessing = 0;
		};
		F480EF142922B512008584FB /* Copy Binaries */ = {
			isa = PBXCopyFilesBuildPhase;
			buildActionMask = 12;
			dstPath = /opt/xtal/bin;
			dstSubfolderSpec = 0;
			files = (
				F480EF842922C8E9008584FB /* xtal-c in Copy Binaries */,
			);
			name = "Copy Binaries";
			runOnlyForDeploymentPostprocessing = 0;
		};
		F480EF1F2922B564008584FB /* Copy Binaries */ = {
			isa = PBXCopyFilesBuildPhase;
			buildActionMask = 12;
			dstPath = /opt/xtal/bin;
			dstSubfolderSpec = 0;
			files = (
				F480EF6B2922BDE5008584FB /* xtal-a in Copy Binaries */,
			);
			name = "Copy Binaries";
			runOnlyForDeploymentPostprocessing = 0;
		};
		F480EF682922BD5C008584FB /* Copy Library Files */ = {
			isa = PBXCopyFilesBuildPhase;
			buildActionMask = 2147483647;
			dstPath = /opt/xtal/lib;
			dstSubfolderSpec = 0;
			files = (
				F480EF6A2922BD7A008584FB /* stdmacros.s in Copy Library Files */,
			);
			name = "Copy Library Files";
			runOnlyForDeploymentPostprocessing = 0;
		};
/* End PBXCopyFilesBuildPhase section */

/* Begin PBXFileReference section */
		F44E938F295BCF9A00A60C28 /* stdio.h */ = {isa = PBXFileReference; lastKnownFileType = sourcecode.c.h; path = stdio.h; sourceTree = "<group>"; };
		F44E9390295BCFC200A60C28 /* stdio.xt */ = {isa = PBXFileReference; lastKnownFileType = text; path = stdio.xt; sourceTree = "<group>"; };
		F44E9392295CB6D300A60C28 /* Locator.h */ = {isa = PBXFileReference; lastKnownFileType = sourcecode.c.h; name = Locator.h; path = Classes/Locator.h; sourceTree = "<group>"; };
		F44E9393295CB6D300A60C28 /* Locator.cc */ = {isa = PBXFileReference; lastKnownFileType = sourcecode.cpp.cpp; name = Locator.cc; path = Classes/Locator.cc; sourceTree = "<group>"; };
		F44E9396295D2C0B00A60C28 /* math.s */ = {isa = PBXFileReference; lastKnownFileType = sourcecode.asm; path = math.s; sourceTree = "<group>"; };
		F45E73E82949873E0032D589 /* Bugs */ = {isa = PBXFileReference; lastKnownFileType = text; path = Bugs; sourceTree = "<group>"; };
		F45E73EB294ACA6A0032D589 /* xtrt0.s */ = {isa = PBXFileReference; lastKnownFileType = sourcecode.asm; path = xtrt0.s; sourceTree = "<group>"; };
		F480EF082922B472008584FB /* xtal */ = {isa = PBXFileReference; explicitFileType = "compiled.mach-o.executable"; includeInIndex = 0; path = xtal; sourceTree = BUILT_PRODUCTS_DIR; };
		F480EF0B2922B472008584FB /* main.cc */ = {isa = PBXFileReference; lastKnownFileType = sourcecode.cpp.cpp; path = main.cc; sourceTree = "<group>"; };
		F480EF162922B512008584FB /* xtal-c */ = {isa = PBXFileReference; explicitFileType = "compiled.mach-o.executable"; includeInIndex = 0; path = "xtal-c"; sourceTree = BUILT_PRODUCTS_DIR; };
		F480EF182922B512008584FB /* main.cc */ = {isa = PBXFileReference; lastKnownFileType = sourcecode.cpp.cpp; path = main.cc; sourceTree = "<group>"; };
		F480EF212922B564008584FB /* xtal-a */ = {isa = PBXFileReference; explicitFileType = "compiled.mach-o.executable"; includeInIndex = 0; path = "xtal-a"; sourceTree = BUILT_PRODUCTS_DIR; };
		F480EF232922B564008584FB /* main.cc */ = {isa = PBXFileReference; lastKnownFileType = sourcecode.cpp.cpp; path = main.cc; sourceTree = "<group>"; };
		F480EF282922B81A008584FB /* Engine.h */ = {isa = PBXFileReference; fileEncoding = 4; lastKnownFileType = sourcecode.c.h; name = Engine.h; path = Classes/Engine.h; sourceTree = "<group>"; };
		F480EF292922B81B008584FB /* Engine.yp */ = {isa = PBXFileReference; explicitFileType = sourcecode.yacc; fileEncoding = 4; name = Engine.yp; path = Classes/Engine.yp; sourceTree = "<group>"; };
		F480EF2A2922B81B008584FB /* Token.h */ = {isa = PBXFileReference; fileEncoding = 4; lastKnownFileType = sourcecode.c.h; name = Token.h; path = Classes/Token.h; sourceTree = "<group>"; };
		F480EF2B2922B81B008584FB /* Macro.h */ = {isa = PBXFileReference; fileEncoding = 4; lastKnownFileType = sourcecode.c.h; name = Macro.h; path = Classes/Macro.h; sourceTree = "<group>"; };
		F480EF2C2922B81B008584FB /* Macro.cc */ = {isa = PBXFileReference; fileEncoding = 4; lastKnownFileType = sourcecode.cpp.cpp; name = Macro.cc; path = Classes/Macro.cc; sourceTree = "<group>"; };
		F480EF2D2922B81B008584FB /* Token.cc */ = {isa = PBXFileReference; fileEncoding = 4; lastKnownFileType = sourcecode.cpp.cpp; name = Token.cc; path = Classes/Token.cc; sourceTree = "<group>"; };
		F480EF2E2922B81B008584FB /* OutputBlock.h */ = {isa = PBXFileReference; fileEncoding = 4; lastKnownFileType = sourcecode.c.h; name = OutputBlock.h; path = Classes/OutputBlock.h; sourceTree = "<group>"; };
		F480EF2F2922B81B008584FB /* Engine.cc */ = {isa = PBXFileReference; fileEncoding = 4; lastKnownFileType = sourcecode.cpp.cpp; name = Engine.cc; path = Classes/Engine.cc; sourceTree = "<group>"; };
		F480EF302922B81B008584FB /* Assembler.cc */ = {isa = PBXFileReference; fileEncoding = 4; lastKnownFileType = sourcecode.cpp.cpp; name = Assembler.cc; path = Classes/Assembler.cc; sourceTree = "<group>"; };
		F480EF312922B81B008584FB /* Scanner.h */ = {isa = PBXFileReference; fileEncoding = 4; lastKnownFileType = sourcecode.c.h; name = Scanner.h; path = Classes/Scanner.h; sourceTree = "<group>"; };
		F480EF322922B81B008584FB /* OutputBlock.cc */ = {isa = PBXFileReference; fileEncoding = 4; lastKnownFileType = sourcecode.cpp.cpp; name = OutputBlock.cc; path = Classes/OutputBlock.cc; sourceTree = "<group>"; };
		F480EF332922B81B008584FB /* Assembler.h */ = {isa = PBXFileReference; fileEncoding = 4; lastKnownFileType = sourcecode.c.h; name = Assembler.h; path = Classes/Assembler.h; sourceTree = "<group>"; };
		F480EF342922B81B008584FB /* Scanner.cc */ = {isa = PBXFileReference; fileEncoding = 4; lastKnownFileType = sourcecode.cpp.cpp; name = Scanner.cc; path = Classes/Scanner.cc; sourceTree = "<group>"; };
		F480EF422922BB66008584FB /* ArgParser.cc */ = {isa = PBXFileReference; fileEncoding = 4; lastKnownFileType = sourcecode.cpp.cpp; path = ArgParser.cc; sourceTree = "<group>"; };
		F480EF432922BB66008584FB /* NotifyCenter.cc */ = {isa = PBXFileReference; fileEncoding = 4; lastKnownFileType = sourcecode.cpp.cpp; path = NotifyCenter.cc; sourceTree = "<group>"; };
		F480EF442922BB66008584FB /* ArgParser.h */ = {isa = PBXFileReference; fileEncoding = 4; lastKnownFileType = sourcecode.c.h; path = ArgParser.h; sourceTree = "<group>"; };
		F480EF452922BB66008584FB /* HelpItem.cc */ = {isa = PBXFileReference; fileEncoding = 4; lastKnownFileType = sourcecode.cpp.cpp; path = HelpItem.cc; sourceTree = "<group>"; };
		F480EF462922BB66008584FB /* Singleton.h */ = {isa = PBXFileReference; fileEncoding = 4; lastKnownFileType = sourcecode.c.h; path = Singleton.h; sourceTree = "<group>"; };
		F480EF472922BB66008584FB /* Stringutils.h */ = {isa = PBXFileReference; fileEncoding = 4; lastKnownFileType = sourcecode.c.h; path = Stringutils.h; sourceTree = "<group>"; };
		F480EF482922BB66008584FB /* HelpItem.h */ = {isa = PBXFileReference; fileEncoding = 4; lastKnownFileType = sourcecode.c.h; path = HelpItem.h; sourceTree = "<group>"; };
		F480EF492922BB66008584FB /* Stringutils.cc */ = {isa = PBXFileReference; fileEncoding = 4; lastKnownFileType = sourcecode.cpp.cpp; path = Stringutils.cc; sourceTree = "<group>"; };
		F480EF4A2922BB66008584FB /* NotifyCenter.h */ = {isa = PBXFileReference; fileEncoding = 4; lastKnownFileType = sourcecode.c.h; path = NotifyCenter.h; sourceTree = "<group>"; };
		F480EF4C2922BB66008584FB /* debug.h */ = {isa = PBXFileReference; fileEncoding = 4; lastKnownFileType = sourcecode.c.h; path = debug.h; sourceTree = "<group>"; };
		F480EF4D2922BB66008584FB /* macros.h */ = {isa = PBXFileReference; fileEncoding = 4; lastKnownFileType = sourcecode.c.h; path = macros.h; sourceTree = "<group>"; };
		F480EF4E2922BB66008584FB /* properties.h */ = {isa = PBXFileReference; fileEncoding = 4; lastKnownFileType = sourcecode.c.h; path = properties.h; sourceTree = "<group>"; };
		F480EF4F2922BB66008584FB /* structures.h */ = {isa = PBXFileReference; fileEncoding = 4; lastKnownFileType = sourcecode.c.h; path = structures.h; sourceTree = "<group>"; };
		F480EF5D2922BC1A008584FB /* test03 */ = {isa = PBXFileReference; fileEncoding = 4; lastKnownFileType = text; path = test03; sourceTree = "<group>"; };
		F480EF5E2922BC1A008584FB /* test02 */ = {isa = PBXFileReference; fileEncoding = 4; lastKnownFileType = text; path = test02; sourceTree = "<group>"; };
		F480EF5F2922BC1A008584FB /* test01 */ = {isa = PBXFileReference; fileEncoding = 4; lastKnownFileType = text; path = test01; sourceTree = "<group>"; };
		F480EF612922BC1A008584FB /* AssemblyFormat.txt */ = {isa = PBXFileReference; fileEncoding = 4; lastKnownFileType = text; path = AssemblyFormat.txt; sourceTree = "<group>"; };
		F480EF652922BC1A008584FB /* stdmacros.s */ = {isa = PBXFileReference; fileEncoding = 4; lastKnownFileType = sourcecode.asm; path = stdmacros.s; sourceTree = "<group>"; };
		F480EF6C2922C657008584FB /* Scanner.h */ = {isa = PBXFileReference; fileEncoding = 4; lastKnownFileType = sourcecode.c.h; name = Scanner.h; path = Classes/Scanner.h; sourceTree = "<group>"; };
		F480EF6D2922C657008584FB /* Compiler.h */ = {isa = PBXFileReference; fileEncoding = 4; lastKnownFileType = sourcecode.c.h; name = Compiler.h; path = Classes/Compiler.h; sourceTree = "<group>"; };
		F480EF6E2922C657008584FB /* Register.h */ = {isa = PBXFileReference; fileEncoding = 4; lastKnownFileType = sourcecode.c.h; name = Register.h; path = Classes/Register.h; sourceTree = "<group>"; };
		F480EF6F2922C657008584FB /* RegisterFile.h */ = {isa = PBXFileReference; fileEncoding = 4; lastKnownFileType = sourcecode.c.h; name = RegisterFile.h; path = Classes/RegisterFile.h; sourceTree = "<group>"; };
		F480EF702922C657008584FB /* Expression.cc */ = {isa = PBXFileReference; fileEncoding = 4; lastKnownFileType = sourcecode.cpp.cpp; name = Expression.cc; path = Classes/Expression.cc; sourceTree = "<group>"; };
		F480EF712922C657008584FB /* ASTNode.cc */ = {isa = PBXFileReference; fileEncoding = 4; lastKnownFileType = sourcecode.cpp.cpp; name = ASTNode.cc; path = Classes/ASTNode.cc; sourceTree = "<group>"; };
		F480EF722922C657008584FB /* Expression.h */ = {isa = PBXFileReference; fileEncoding = 4; lastKnownFileType = sourcecode.c.h; name = Expression.h; path = Classes/Expression.h; sourceTree = "<group>"; };
		F480EF732922C657008584FB /* A8Emitter.cc */ = {isa = PBXFileReference; fileEncoding = 4; lastKnownFileType = sourcecode.cpp.cpp; name = A8Emitter.cc; path = Classes/A8Emitter.cc; sourceTree = "<group>"; };
		F480EF742922C657008584FB /* Token.cc */ = {isa = PBXFileReference; fileEncoding = 4; lastKnownFileType = sourcecode.cpp.cpp; name = Token.cc; path = Classes/Token.cc; sourceTree = "<group>"; };
		F480EF752922C657008584FB /* Scanner.cc */ = {isa = PBXFileReference; fileEncoding = 4; lastKnownFileType = sourcecode.cpp.cpp; name = Scanner.cc; path = Classes/Scanner.cc; sourceTree = "<group>"; };
		F480EF762922C657008584FB /* RegisterFile.cc */ = {isa = PBXFileReference; fileEncoding = 4; lastKnownFileType = sourcecode.cpp.cpp; name = RegisterFile.cc; path = Classes/RegisterFile.cc; sourceTree = "<group>"; };
		F480EF772922C657008584FB /* ASTNode.h */ = {isa = PBXFileReference; fileEncoding = 4; lastKnownFileType = sourcecode.c.h; name = ASTNode.h; path = Classes/ASTNode.h; sourceTree = "<group>"; };
		F480EF782922C657008584FB /* Token.h */ = {isa = PBXFileReference; fileEncoding = 4; lastKnownFileType = sourcecode.c.h; name = Token.h; path = Classes/Token.h; sourceTree = "<group>"; };
		F480EF792922C657008584FB /* Register.cc */ = {isa = PBXFileReference; fileEncoding = 4; lastKnownFileType = sourcecode.cpp.cpp; name = Register.cc; path = Classes/Register.cc; sourceTree = "<group>"; };
		F480EF7A2922C657008584FB /* A8Emitter.h */ = {isa = PBXFileReference; fileEncoding = 4; lastKnownFileType = sourcecode.c.h; name = A8Emitter.h; path = Classes/A8Emitter.h; sourceTree = "<group>"; };
		F480EF7B2922C657008584FB /* Compiler.cc */ = {isa = PBXFileReference; fileEncoding = 4; lastKnownFileType = sourcecode.cpp.cpp; name = Compiler.cc; path = Classes/Compiler.cc; sourceTree = "<group>"; };
		F480EF8C29271A5A008584FB /* Bugs */ = {isa = PBXFileReference; lastKnownFileType = text; path = Bugs; sourceTree = "<group>"; };
		F4AE740D29314D890000F817 /* test04 */ = {isa = PBXFileReference; lastKnownFileType = text; path = test04; sourceTree = "<group>"; };
		F4AE740E2931705C0000F817 /* Driver.h */ = {isa = PBXFileReference; lastKnownFileType = sourcecode.c.h; path = Driver.h; sourceTree = "<group>"; };
		F4AE740F2931705C0000F817 /* Driver.cc */ = {isa = PBXFileReference; lastKnownFileType = sourcecode.cpp.cpp; path = Driver.cc; sourceTree = "<group>"; };
		F4AE741229317AA80000F817 /* xtal.entitlements */ = {isa = PBXFileReference; lastKnownFileType = text.plist.entitlements; path = xtal.entitlements; sourceTree = "<group>"; };
		F4AE741329317E600000F817 /* xtal-c.entitlements */ = {isa = PBXFileReference; lastKnownFileType = text.plist.entitlements; path = "xtal-c.entitlements"; sourceTree = "<group>"; };
		F4B53B3929329D950023B3AB /* Symbol.h */ = {isa = PBXFileReference; lastKnownFileType = sourcecode.c.h; name = Symbol.h; path = Classes/Symbol.h; sourceTree = "<group>"; };
		F4B53B3A29329D950023B3AB /* Symbol.cc */ = {isa = PBXFileReference; lastKnownFileType = sourcecode.cpp.cpp; name = Symbol.cc; path = Classes/Symbol.cc; sourceTree = "<group>"; };
		F4B53B3C29329FBC0023B3AB /* SymbolTable.h */ = {isa = PBXFileReference; lastKnownFileType = sourcecode.c.h; name = SymbolTable.h; path = Classes/SymbolTable.h; sourceTree = "<group>"; };
		F4B53B3D29329FBC0023B3AB /* SymbolTable.cc */ = {isa = PBXFileReference; lastKnownFileType = sourcecode.cpp.cpp; name = SymbolTable.cc; path = Classes/SymbolTable.cc; sourceTree = "<group>"; };
		F4B53B3F2932AB8C0023B3AB /* Emitter.h */ = {isa = PBXFileReference; lastKnownFileType = sourcecode.c.h; name = Emitter.h; path = Classes/Emitter.h; sourceTree = "<group>"; };
		F4B53B402932AB8C0023B3AB /* Emitter.cc */ = {isa = PBXFileReference; lastKnownFileType = sourcecode.cpp.cpp; name = Emitter.cc; path = Classes/Emitter.cc; sourceTree = "<group>"; };
		F4B53B472932E9300023B3AB /* Statement.h */ = {isa = PBXFileReference; lastKnownFileType = sourcecode.c.h; name = Statement.h; path = Classes/Statement.h; sourceTree = "<group>"; };
		F4B53B482932E9300023B3AB /* Statement.cc */ = {isa = PBXFileReference; lastKnownFileType = sourcecode.cpp.cpp; name = Statement.cc; path = Classes/Statement.cc; sourceTree = "<group>"; };
		F4B8088929272F2A0049B6EB /* Locator.h */ = {isa = PBXFileReference; lastKnownFileType = sourcecode.c.h; name = Locator.h; path = Classes/Locator.h; sourceTree = "<group>"; };
		F4B8088A29272F2A0049B6EB /* Locator.cc */ = {isa = PBXFileReference; lastKnownFileType = sourcecode.cpp.cpp; name = Locator.cc; path = Classes/Locator.cc; sourceTree = "<group>"; };
		F4B8088C292DD9B70049B6EB /* stdio.s */ = {isa = PBXFileReference; lastKnownFileType = sourcecode.asm; path = stdio.s; sourceTree = "<group>"; };
		F4B80891292DE4E10049B6EB /* Function.h */ = {isa = PBXFileReference; lastKnownFileType = sourcecode.c.h; name = Function.h; path = Classes/Function.h; sourceTree = "<group>"; };
		F4B80892292DE4E10049B6EB /* Function.cc */ = {isa = PBXFileReference; lastKnownFileType = sourcecode.cpp.cpp; name = Function.cc; path = Classes/Function.cc; sourceTree = "<group>"; };
		F4B8089F2935C44C0049B6EB /* sharedDefines.h */ = {isa = PBXFileReference; lastKnownFileType = sourcecode.c.h; path = sharedDefines.h; sourceTree = "<group>"; };
		F4B808A329370A400049B6EB /* Functions.md */ = {isa = PBXFileReference; lastKnownFileType = net.daringfireball.markdown; path = Functions.md; sourceTree = "<group>"; };
		F4B808A629385D550049B6EB /* Types.h */ = {isa = PBXFileReference; lastKnownFileType = sourcecode.c.h; name = Types.h; path = Classes/Types.h; sourceTree = "<group>"; };
		F4B808A729385D550049B6EB /* Types.cc */ = {isa = PBXFileReference; lastKnownFileType = sourcecode.cpp.cpp; name = Types.cc; path = Classes/Types.cc; sourceTree = "<group>"; };
/* End PBXFileReference section */

/* Begin PBXFrameworksBuildPhase section */
		F480EF052922B472008584FB /* Frameworks */ = {
			isa = PBXFrameworksBuildPhase;
			buildActionMask = 2147483647;
			files = (
			);
			runOnlyForDeploymentPostprocessing = 0;
		};
		F480EF132922B512008584FB /* Frameworks */ = {
			isa = PBXFrameworksBuildPhase;
			buildActionMask = 2147483647;
			files = (
			);
			runOnlyForDeploymentPostprocessing = 0;
		};
		F480EF1E2922B564008584FB /* Frameworks */ = {
			isa = PBXFrameworksBuildPhase;
			buildActionMask = 2147483647;
			files = (
			);
			runOnlyForDeploymentPostprocessing = 0;
		};
/* End PBXFrameworksBuildPhase section */

/* Begin PBXGroup section */
		F44E938B295BCD2500A60C28 /* modules */ = {
			isa = PBXGroup;
			children = (
				F4B8088C292DD9B70049B6EB /* stdio.s */,
			);
			path = modules;
			sourceTree = "<group>";
		};
		F44E938D295BCF7900A60C28 /* modules */ = {
			isa = PBXGroup;
			children = (
				F44E9395295D2BF000A60C28 /* math */,
				F44E938E295BCF8100A60C28 /* stdio */,
			);
			path = modules;
			sourceTree = "<group>";
		};
		F44E938E295BCF8100A60C28 /* stdio */ = {
			isa = PBXGroup;
			children = (
				F44E938F295BCF9A00A60C28 /* stdio.h */,
				F44E9390295BCFC200A60C28 /* stdio.xt */,
			);
			path = stdio;
			sourceTree = "<group>";
		};
		F44E9395295D2BF000A60C28 /* math */ = {
			isa = PBXGroup;
			children = (
				F44E9396295D2C0B00A60C28 /* math.s */,
			);
			path = math;
			sourceTree = "<group>";
		};
		F45E73E9294ACA4C0032D589 /* Rsrc */ = {
			isa = PBXGroup;
			children = (
				F45E73EA294ACA590032D589 /* lib */,
			);
			path = Rsrc;
			sourceTree = "<group>";
		};
		F45E73EA294ACA590032D589 /* lib */ = {
			isa = PBXGroup;
			children = (
				F44E938D295BCF7900A60C28 /* modules */,
				F45E73EB294ACA6A0032D589 /* xtrt0.s */,
			);
			path = lib;
			sourceTree = "<group>";
		};
		F480EEFF2922B472008584FB = {
			isa = PBXGroup;
			children = (
				F480EF3F2922BB66008584FB /* shared */,
				F480EF0A2922B472008584FB /* xtal */,
				F480EF172922B512008584FB /* xtal-c */,
				F480EF222922B564008584FB /* xtal-a */,
				F480EF092922B472008584FB /* Products */,
			);
			sourceTree = "<group>";
		};
		F480EF092922B472008584FB /* Products */ = {
			isa = PBXGroup;
			children = (
				F480EF082922B472008584FB /* xtal */,
				F480EF162922B512008584FB /* xtal-c */,
				F480EF212922B564008584FB /* xtal-a */,
			);
			name = Products;
			sourceTree = "<group>";
		};
		F480EF0A2922B472008584FB /* xtal */ = {
			isa = PBXGroup;
			children = (
				F4AE741229317AA80000F817 /* xtal.entitlements */,
				F480EF0B2922B472008584FB /* main.cc */,
				F4AE740E2931705C0000F817 /* Driver.h */,
				F4AE740F2931705C0000F817 /* Driver.cc */,
			);
			path = xtal;
			sourceTree = "<group>";
		};
		F480EF172922B512008584FB /* xtal-c */ = {
			isa = PBXGroup;
			children = (
				F45E73E9294ACA4C0032D589 /* Rsrc */,
				F4B808A229370A240049B6EB /* Docs */,
				F4AE741329317E600000F817 /* xtal-c.entitlements */,
				F480EF182922B512008584FB /* main.cc */,
				F480EF712922C657008584FB /* ASTNode.cc */,
				F480EF772922C657008584FB /* ASTNode.h */,
				F480EF7B2922C657008584FB /* Compiler.cc */,
				F480EF6D2922C657008584FB /* Compiler.h */,
				F480EF732922C657008584FB /* A8Emitter.cc */,
				F480EF7A2922C657008584FB /* A8Emitter.h */,
				F4B53B402932AB8C0023B3AB /* Emitter.cc */,
				F4B53B3F2932AB8C0023B3AB /* Emitter.h */,
				F480EF702922C657008584FB /* Expression.cc */,
				F480EF722922C657008584FB /* Expression.h */,
				F44E9393295CB6D300A60C28 /* Locator.cc */,
				F44E9392295CB6D300A60C28 /* Locator.h */,
				F480EF792922C657008584FB /* Register.cc */,
				F480EF6E2922C657008584FB /* Register.h */,
				F480EF762922C657008584FB /* RegisterFile.cc */,
				F480EF6F2922C657008584FB /* RegisterFile.h */,
				F480EF752922C657008584FB /* Scanner.cc */,
				F480EF6C2922C657008584FB /* Scanner.h */,
				F4B53B482932E9300023B3AB /* Statement.cc */,
				F4B53B472932E9300023B3AB /* Statement.h */,
				F4B53B3A29329D950023B3AB /* Symbol.cc */,
				F4B53B3929329D950023B3AB /* Symbol.h */,
				F4B53B3D29329FBC0023B3AB /* SymbolTable.cc */,
				F4B53B3C29329FBC0023B3AB /* SymbolTable.h */,
				F480EF742922C657008584FB /* Token.cc */,
				F480EF782922C657008584FB /* Token.h */,
				F4B808A729385D550049B6EB /* Types.cc */,
				F4B808A629385D550049B6EB /* Types.h */,
			);
			path = "xtal-c";
			sourceTree = "<group>";
		};
		F480EF222922B564008584FB /* xtal-a */ = {
			isa = PBXGroup;
			children = (
				F480EF602922BC1A008584FB /* Docs */,
				F480EF622922BC1A008584FB /* Rsrc */,
				F480EF5C2922BC1A008584FB /* Tests */,
				F480EF302922B81B008584FB /* Assembler.cc */,
				F480EF332922B81B008584FB /* Assembler.h */,
				F4B8088A29272F2A0049B6EB /* Locator.cc */,
				F4B8088929272F2A0049B6EB /* Locator.h */,
				F480EF2F2922B81B008584FB /* Engine.cc */,
				F480EF282922B81A008584FB /* Engine.h */,
				F480EF292922B81B008584FB /* Engine.yp */,
				F480EF2C2922B81B008584FB /* Macro.cc */,
				F480EF2B2922B81B008584FB /* Macro.h */,
				F480EF322922B81B008584FB /* OutputBlock.cc */,
				F480EF2E2922B81B008584FB /* OutputBlock.h */,
				F480EF342922B81B008584FB /* Scanner.cc */,
				F480EF312922B81B008584FB /* Scanner.h */,
				F480EF2D2922B81B008584FB /* Token.cc */,
				F480EF2A2922B81B008584FB /* Token.h */,
				F480EF232922B564008584FB /* main.cc */,
				F4B80891292DE4E10049B6EB /* Function.h */,
				F4B80892292DE4E10049B6EB /* Function.cc */,
			);
			path = "xtal-a";
			sourceTree = "<group>";
		};
		F480EF3F2922BB66008584FB /* shared */ = {
			isa = PBXGroup;
			children = (
				F480EF402922BB66008584FB /* Classes */,
				F480EF4B2922BB66008584FB /* include */,
			);
			path = shared;
			sourceTree = "<group>";
		};
		F480EF402922BB66008584FB /* Classes */ = {
			isa = PBXGroup;
			children = (
				F480EF412922BB66008584FB /* Util */,
			);
			path = Classes;
			sourceTree = "<group>";
		};
		F480EF412922BB66008584FB /* Util */ = {
			isa = PBXGroup;
			children = (
				F480EF422922BB66008584FB /* ArgParser.cc */,
				F480EF442922BB66008584FB /* ArgParser.h */,
				F480EF452922BB66008584FB /* HelpItem.cc */,
				F480EF482922BB66008584FB /* HelpItem.h */,
				F480EF432922BB66008584FB /* NotifyCenter.cc */,
				F480EF4A2922BB66008584FB /* NotifyCenter.h */,
				F480EF462922BB66008584FB /* Singleton.h */,
				F480EF472922BB66008584FB /* Stringutils.h */,
				F480EF492922BB66008584FB /* Stringutils.cc */,
			);
			path = Util;
			sourceTree = "<group>";
		};
		F480EF4B2922BB66008584FB /* include */ = {
			isa = PBXGroup;
			children = (
				F480EF4C2922BB66008584FB /* debug.h */,
				F480EF4D2922BB66008584FB /* macros.h */,
				F480EF4E2922BB66008584FB /* properties.h */,
				F480EF4F2922BB66008584FB /* structures.h */,
				F4B8089F2935C44C0049B6EB /* sharedDefines.h */,
			);
			path = include;
			sourceTree = "<group>";
		};
		F480EF5C2922BC1A008584FB /* Tests */ = {
			isa = PBXGroup;
			children = (
				F480EF5D2922BC1A008584FB /* test03 */,
				F480EF5E2922BC1A008584FB /* test02 */,
				F480EF5F2922BC1A008584FB /* test01 */,
				F4AE740D29314D890000F817 /* test04 */,
			);
			path = Tests;
			sourceTree = "<group>";
		};
		F480EF602922BC1A008584FB /* Docs */ = {
			isa = PBXGroup;
			children = (
				F480EF612922BC1A008584FB /* AssemblyFormat.txt */,
				F480EF8C29271A5A008584FB /* Bugs */,
			);
			path = Docs;
			sourceTree = "<group>";
		};
		F480EF622922BC1A008584FB /* Rsrc */ = {
			isa = PBXGroup;
			children = (
				F480EF632922BC1A008584FB /* lib */,
			);
			path = Rsrc;
			sourceTree = "<group>";
		};
		F480EF632922BC1A008584FB /* lib */ = {
			isa = PBXGroup;
			children = (
				F44E938B295BCD2500A60C28 /* modules */,
				F480EF652922BC1A008584FB /* stdmacros.s */,
			);
			path = lib;
			sourceTree = "<group>";
		};
		F4B808A229370A240049B6EB /* Docs */ = {
			isa = PBXGroup;
			children = (
				F4B808A329370A400049B6EB /* Functions.md */,
				F45E73E82949873E0032D589 /* Bugs */,
			);
			path = Docs;
			sourceTree = "<group>";
		};
/* End PBXGroup section */

/* Begin PBXNativeTarget section */
		F480EF072922B472008584FB /* xtal */ = {
			isa = PBXNativeTarget;
			buildConfigurationList = F480EF0F2922B472008584FB /* Build configuration list for PBXNativeTarget "xtal" */;
			buildPhases = (
				F480EF042922B472008584FB /* Sources */,
				F480EF052922B472008584FB /* Frameworks */,
				F480EF062922B472008584FB /* Copy Binaries */,
			);
			buildRules = (
			);
			dependencies = (
			);
			name = xtal;
			productName = xtal;
			productReference = F480EF082922B472008584FB /* xtal */;
			productType = "com.apple.product-type.tool";
		};
		F480EF152922B512008584FB /* xtal-c */ = {
			isa = PBXNativeTarget;
			buildConfigurationList = F480EF1C2922B512008584FB /* Build configuration list for PBXNativeTarget "xtal-c" */;
			buildPhases = (
				F480EF122922B512008584FB /* Sources */,
				F480EF132922B512008584FB /* Frameworks */,
				F480EF142922B512008584FB /* Copy Binaries */,
				F45E73ED294ACCCC0032D589 /* CopyFiles */,
				F44E9391295BCFE500A60C28 /* Install module code */,
			);
			buildRules = (
			);
			dependencies = (
			);
			name = "xtal-c";
			productName = "xtal-c";
			productReference = F480EF162922B512008584FB /* xtal-c */;
			productType = "com.apple.product-type.tool";
		};
		F480EF202922B564008584FB /* xtal-a */ = {
			isa = PBXNativeTarget;
			buildConfigurationList = F480EF252922B564008584FB /* Build configuration list for PBXNativeTarget "xtal-a" */;
			buildPhases = (
				F480EF1D2922B564008584FB /* Sources */,
				F480EF1E2922B564008584FB /* Frameworks */,
				F480EF1F2922B564008584FB /* Copy Binaries */,
				F480EF682922BD5C008584FB /* Copy Library Files */,
				F44E938C295BCE0600A60C28 /* Copy stdio Module files */,
			);
			buildRules = (
			);
			dependencies = (
			);
			name = "xtal-a";
			productName = "xtal-a";
			productReference = F480EF212922B564008584FB /* xtal-a */;
			productType = "com.apple.product-type.tool";
		};
/* End PBXNativeTarget section */

/* Begin PBXProject section */
		F480EF002922B472008584FB /* Project object */ = {
			isa = PBXProject;
			attributes = {
				BuildIndependentTargetsInParallel = 1;
				LastUpgradeCheck = 1410;
				TargetAttributes = {
					F480EF072922B472008584FB = {
						CreatedOnToolsVersion = 14.1;
					};
					F480EF152922B512008584FB = {
						CreatedOnToolsVersion = 14.1;
					};
					F480EF202922B564008584FB = {
						CreatedOnToolsVersion = 14.1;
					};
					F4B808942931A6CA0049B6EB = {
						CreatedOnToolsVersion = 14.0.1;
					};
				};
			};
			buildConfigurationList = F480EF032922B472008584FB /* Build configuration list for PBXProject "xtal" */;
			compatibilityVersion = "Xcode 14.0";
			developmentRegion = en;
			hasScannedForEncodings = 0;
			knownRegions = (
				en,
				Base,
			);
			mainGroup = F480EEFF2922B472008584FB;
			productRefGroup = F480EF092922B472008584FB /* Products */;
			projectDirPath = "";
			projectRoot = "";
			targets = (
				F480EF072922B472008584FB /* xtal */,
				F480EF152922B512008584FB /* xtal-c */,
				F480EF202922B564008584FB /* xtal-a */,
				F4B808942931A6CA0049B6EB /* all */,
			);
		};
/* End PBXProject section */

/* Begin PBXShellScriptBuildPhase section */
		F44E9391295BCFE500A60C28 /* Install module code */ = {
			isa = PBXShellScriptBuildPhase;
			alwaysOutOfDate = 1;
			buildActionMask = 2147483647;
			files = (
			);
			inputFileListPaths = (
			);
			inputPaths = (
			);
			name = "Install module code";
			outputFileListPaths = (
			);
			outputPaths = (
			);
			runOnlyForDeploymentPostprocessing = 0;
			shellPath = /bin/sh;
			shellScript = "# Type a script or drag a script file from your workspace to insert its path.\nBASE_DIR=/opt/xtal/lib\ncp -r $PROJECT_DIR/xtal-c/Rsrc/lib/modules $BASE_DIR\n\n\n";
		};
/* End PBXShellScriptBuildPhase section */

/* Begin PBXSourcesBuildPhase section */
		F480EF042922B472008584FB /* Sources */ = {
			isa = PBXSourcesBuildPhase;
			buildActionMask = 2147483647;
			files = (
				F480EF532922BB66008584FB /* NotifyCenter.cc in Sources */,
				F480EF0C2922B472008584FB /* main.cc in Sources */,
				F480EF502922BB66008584FB /* ArgParser.cc in Sources */,
				F480EF562922BB66008584FB /* HelpItem.cc in Sources */,
				F480EF592922BB66008584FB /* Stringutils.cc in Sources */,
				F4AE74102931705C0000F817 /* Driver.cc in Sources */,
			);
			runOnlyForDeploymentPostprocessing = 0;
		};
		F480EF122922B512008584FB /* Sources */ = {
			isa = PBXSourcesBuildPhase;
			buildActionMask = 2147483647;
			files = (
				F480EF7D2922C657008584FB /* ASTNode.cc in Sources */,
				F480EF542922BB66008584FB /* NotifyCenter.cc in Sources */,
				F480EF832922C657008584FB /* Compiler.cc in Sources */,
				F480EF7C2922C657008584FB /* Expression.cc in Sources */,
				F480EF192922B512008584FB /* main.cc in Sources */,
				F480EF822922C657008584FB /* Register.cc in Sources */,
				F4B53B3E29329FBC0023B3AB /* SymbolTable.cc in Sources */,
				F4B53B492932E9300023B3AB /* Statement.cc in Sources */,
				F480EF802922C657008584FB /* Scanner.cc in Sources */,
				F44E9394295CB6D300A60C28 /* Locator.cc in Sources */,
				F4B53B412932AB8C0023B3AB /* Emitter.cc in Sources */,
				F480EF812922C657008584FB /* RegisterFile.cc in Sources */,
				F4B808A829385D550049B6EB /* Types.cc in Sources */,
				F480EF7E2922C657008584FB /* A8Emitter.cc in Sources */,
				F480EF512922BB66008584FB /* ArgParser.cc in Sources */,
				F480EF7F2922C657008584FB /* Token.cc in Sources */,
				F4B53B3B29329D950023B3AB /* Symbol.cc in Sources */,
				F480EF572922BB66008584FB /* HelpItem.cc in Sources */,
				F480EF5A2922BB66008584FB /* Stringutils.cc in Sources */,
			);
			runOnlyForDeploymentPostprocessing = 0;
		};
		F480EF1D2922B564008584FB /* Sources */ = {
			isa = PBXSourcesBuildPhase;
			buildActionMask = 2147483647;
			files = (
				F480EF3B2922B81B008584FB /* Scanner.cc in Sources */,
				F480EF392922B81B008584FB /* Assembler.cc in Sources */,
				F480EF5B2922BB66008584FB /* Stringutils.cc in Sources */,
				F480EF352922B81B008584FB /* Engine.yp in Sources */,
				F480EF582922BB66008584FB /* HelpItem.cc in Sources */,
				F480EF3A2922B81B008584FB /* OutputBlock.cc in Sources */,
				F4B8088B29272F2A0049B6EB /* Locator.cc in Sources */,
				F480EF382922B81B008584FB /* Engine.cc in Sources */,
				F480EF522922BB66008584FB /* ArgParser.cc in Sources */,
				F480EF372922B81B008584FB /* Token.cc in Sources */,
				F480EF362922B81B008584FB /* Macro.cc in Sources */,
				F480EF242922B564008584FB /* main.cc in Sources */,
				F480EF552922BB66008584FB /* NotifyCenter.cc in Sources */,
				F4B80893292DE4E10049B6EB /* Function.cc in Sources */,
			);
			runOnlyForDeploymentPostprocessing = 0;
		};
/* End PBXSourcesBuildPhase section */

/* Begin PBXTargetDependency section */
		F4B808992931A6DB0049B6EB /* PBXTargetDependency */ = {
			isa = PBXTargetDependency;
			target = F480EF072922B472008584FB /* xtal */;
			targetProxy = F4B808982931A6DB0049B6EB /* PBXContainerItemProxy */;
		};
		F4B8089B2931A6DB0049B6EB /* PBXTargetDependency */ = {
			isa = PBXTargetDependency;
			target = F480EF202922B564008584FB /* xtal-a */;
			targetProxy = F4B8089A2931A6DB0049B6EB /* PBXContainerItemProxy */;
		};
		F4B8089D2931A6DB0049B6EB /* PBXTargetDependency */ = {
			isa = PBXTargetDependency;
			target = F480EF152922B512008584FB /* xtal-c */;
			targetProxy = F4B8089C2931A6DB0049B6EB /* PBXContainerItemProxy */;
		};
/* End PBXTargetDependency section */

/* Begin XCBuildConfiguration section */
		F480EF0D2922B472008584FB /* Debug */ = {
			isa = XCBuildConfiguration;
			buildSettings = {
				ALWAYS_SEARCH_USER_PATHS = NO;
				CLANG_ANALYZER_NONNULL = YES;
				CLANG_ANALYZER_NUMBER_OBJECT_CONVERSION = YES_AGGRESSIVE;
				CLANG_CXX_LANGUAGE_STANDARD = "gnu++20";
				CLANG_ENABLE_MODULES = YES;
				CLANG_ENABLE_OBJC_ARC = YES;
				CLANG_ENABLE_OBJC_WEAK = YES;
				CLANG_WARN_BLOCK_CAPTURE_AUTORELEASING = YES;
				CLANG_WARN_BOOL_CONVERSION = YES;
				CLANG_WARN_COMMA = YES;
				CLANG_WARN_CONSTANT_CONVERSION = YES;
				CLANG_WARN_DEPRECATED_OBJC_IMPLEMENTATIONS = YES;
				CLANG_WARN_DIRECT_OBJC_ISA_USAGE = YES_ERROR;
				CLANG_WARN_DOCUMENTATION_COMMENTS = YES;
				CLANG_WARN_EMPTY_BODY = YES;
				CLANG_WARN_ENUM_CONVERSION = YES;
				CLANG_WARN_INFINITE_RECURSION = YES;
				CLANG_WARN_INT_CONVERSION = YES;
				CLANG_WARN_NON_LITERAL_NULL_CONVERSION = YES;
				CLANG_WARN_OBJC_IMPLICIT_RETAIN_SELF = YES;
				CLANG_WARN_OBJC_LITERAL_CONVERSION = YES;
				CLANG_WARN_OBJC_ROOT_CLASS = YES_ERROR;
				CLANG_WARN_QUOTED_INCLUDE_IN_FRAMEWORK_HEADER = YES;
				CLANG_WARN_RANGE_LOOP_ANALYSIS = YES;
				CLANG_WARN_STRICT_PROTOTYPES = YES;
				CLANG_WARN_SUSPICIOUS_MOVE = YES;
				CLANG_WARN_UNGUARDED_AVAILABILITY = YES_AGGRESSIVE;
				CLANG_WARN_UNREACHABLE_CODE = YES;
				CLANG_WARN__DUPLICATE_METHOD_MATCH = YES;
				COPY_PHASE_STRIP = NO;
				DEBUG_INFORMATION_FORMAT = dwarf;
				ENABLE_STRICT_OBJC_MSGSEND = YES;
				ENABLE_TESTABILITY = YES;
				GCC_C_LANGUAGE_STANDARD = gnu11;
				GCC_DYNAMIC_NO_PIC = NO;
				GCC_NO_COMMON_BLOCKS = YES;
				GCC_OPTIMIZATION_LEVEL = 0;
				GCC_PREPROCESSOR_DEFINITIONS = (
					"DEBUG=1",
					"$(inherited)",
				);
				GCC_WARN_64_TO_32_BIT_CONVERSION = YES;
				GCC_WARN_ABOUT_RETURN_TYPE = YES_ERROR;
				GCC_WARN_UNDECLARED_SELECTOR = YES;
				GCC_WARN_UNINITIALIZED_AUTOS = YES_AGGRESSIVE;
				GCC_WARN_UNUSED_FUNCTION = YES;
				GCC_WARN_UNUSED_VARIABLE = YES;
				MACOSX_DEPLOYMENT_TARGET = 12.5;
				MTL_ENABLE_DEBUG_INFO = INCLUDE_SOURCE;
				MTL_FAST_MATH = YES;
				ONLY_ACTIVE_ARCH = YES;
				SDKROOT = macosx;
			};
			name = Debug;
		};
		F480EF0E2922B472008584FB /* Release */ = {
			isa = XCBuildConfiguration;
			buildSettings = {
				ALWAYS_SEARCH_USER_PATHS = NO;
				CLANG_ANALYZER_NONNULL = YES;
				CLANG_ANALYZER_NUMBER_OBJECT_CONVERSION = YES_AGGRESSIVE;
				CLANG_CXX_LANGUAGE_STANDARD = "gnu++20";
				CLANG_ENABLE_MODULES = YES;
				CLANG_ENABLE_OBJC_ARC = YES;
				CLANG_ENABLE_OBJC_WEAK = YES;
				CLANG_WARN_BLOCK_CAPTURE_AUTORELEASING = YES;
				CLANG_WARN_BOOL_CONVERSION = YES;
				CLANG_WARN_COMMA = YES;
				CLANG_WARN_CONSTANT_CONVERSION = YES;
				CLANG_WARN_DEPRECATED_OBJC_IMPLEMENTATIONS = YES;
				CLANG_WARN_DIRECT_OBJC_ISA_USAGE = YES_ERROR;
				CLANG_WARN_DOCUMENTATION_COMMENTS = YES;
				CLANG_WARN_EMPTY_BODY = YES;
				CLANG_WARN_ENUM_CONVERSION = YES;
				CLANG_WARN_INFINITE_RECURSION = YES;
				CLANG_WARN_INT_CONVERSION = YES;
				CLANG_WARN_NON_LITERAL_NULL_CONVERSION = YES;
				CLANG_WARN_OBJC_IMPLICIT_RETAIN_SELF = YES;
				CLANG_WARN_OBJC_LITERAL_CONVERSION = YES;
				CLANG_WARN_OBJC_ROOT_CLASS = YES_ERROR;
				CLANG_WARN_QUOTED_INCLUDE_IN_FRAMEWORK_HEADER = YES;
				CLANG_WARN_RANGE_LOOP_ANALYSIS = YES;
				CLANG_WARN_STRICT_PROTOTYPES = YES;
				CLANG_WARN_SUSPICIOUS_MOVE = YES;
				CLANG_WARN_UNGUARDED_AVAILABILITY = YES_AGGRESSIVE;
				CLANG_WARN_UNREACHABLE_CODE = YES;
				CLANG_WARN__DUPLICATE_METHOD_MATCH = YES;
				COPY_PHASE_STRIP = NO;
				DEBUG_INFORMATION_FORMAT = "dwarf-with-dsym";
				ENABLE_NS_ASSERTIONS = NO;
				ENABLE_STRICT_OBJC_MSGSEND = YES;
				GCC_C_LANGUAGE_STANDARD = gnu11;
				GCC_NO_COMMON_BLOCKS = YES;
				GCC_WARN_64_TO_32_BIT_CONVERSION = YES;
				GCC_WARN_ABOUT_RETURN_TYPE = YES_ERROR;
				GCC_WARN_UNDECLARED_SELECTOR = YES;
				GCC_WARN_UNINITIALIZED_AUTOS = YES_AGGRESSIVE;
				GCC_WARN_UNUSED_FUNCTION = YES;
				GCC_WARN_UNUSED_VARIABLE = YES;
				MACOSX_DEPLOYMENT_TARGET = 12.5;
				MTL_ENABLE_DEBUG_INFO = NO;
				MTL_FAST_MATH = YES;
				SDKROOT = macosx;
			};
			name = Release;
		};
		F480EF102922B472008584FB /* Debug */ = {
			isa = XCBuildConfiguration;
			buildSettings = {
				CODE_SIGN_ENTITLEMENTS = xtal/xtal.entitlements;
				"CODE_SIGN_IDENTITY[sdk=macosx*]" = "Apple Development";
				CODE_SIGN_STYLE = Automatic;
				DEVELOPMENT_TEAM = S9DMW7WK55;
				ENABLE_HARDENED_RUNTIME = NO;
				PRODUCT_NAME = "$(TARGET_NAME)";
			};
			name = Debug;
		};
		F480EF112922B472008584FB /* Release */ = {
			isa = XCBuildConfiguration;
			buildSettings = {
				CODE_SIGN_ENTITLEMENTS = xtal/xtal.entitlements;
				"CODE_SIGN_IDENTITY[sdk=macosx*]" = "Apple Development";
				CODE_SIGN_STYLE = Automatic;
				DEVELOPMENT_TEAM = S9DMW7WK55;
				ENABLE_HARDENED_RUNTIME = NO;
				PRODUCT_NAME = "$(TARGET_NAME)";
			};
			name = Release;
		};
		F480EF1A2922B512008584FB /* Debug */ = {
			isa = XCBuildConfiguration;
			buildSettings = {
				CLANG_CXX_LANGUAGE_STANDARD = "gnu++20";
				CODE_SIGN_ENTITLEMENTS = "xtal-c/xtal-c.entitlements";
				CODE_SIGN_IDENTITY = "Apple Development";
				CODE_SIGN_STYLE = Automatic;
				DEVELOPMENT_TEAM = S9DMW7WK55;
				ENABLE_HARDENED_RUNTIME = NO;
				PRODUCT_NAME = "$(TARGET_NAME)";
				PROVISIONING_PROFILE_SPECIFIER = "";
			};
			name = Debug;
		};
		F480EF1B2922B512008584FB /* Release */ = {
			isa = XCBuildConfiguration;
			buildSettings = {
				CLANG_CXX_LANGUAGE_STANDARD = "gnu++20";
				CODE_SIGN_ENTITLEMENTS = "xtal-c/xtal-c.entitlements";
				CODE_SIGN_IDENTITY = "Apple Development";
				"CODE_SIGN_IDENTITY[sdk=macosx*]" = "Apple Development";
				CODE_SIGN_STYLE = Automatic;
				DEVELOPMENT_TEAM = S9DMW7WK55;
				ENABLE_HARDENED_RUNTIME = NO;
				PRODUCT_NAME = "$(TARGET_NAME)";
				PROVISIONING_PROFILE_SPECIFIER = "";
			};
			name = Release;
		};
		F480EF262922B564008584FB /* Debug */ = {
			isa = XCBuildConfiguration;
			buildSettings = {
				CODE_SIGN_STYLE = Automatic;
				DEVELOPMENT_TEAM = S9DMW7WK55;
				ENABLE_HARDENED_RUNTIME = YES;
				HEADER_SEARCH_PATHS = (
					"$(PROJECT_DIR)/xtal-a/Classes",
					"$(PROJECT_DIR)/shared/Classes/Util",
					"$(PROJECT_DIR)/shared/include",
				);
				PRODUCT_NAME = "$(TARGET_NAME)";
			};
			name = Debug;
		};
		F480EF272922B564008584FB /* Release */ = {
			isa = XCBuildConfiguration;
			buildSettings = {
				CODE_SIGN_STYLE = Automatic;
				DEVELOPMENT_TEAM = S9DMW7WK55;
				ENABLE_HARDENED_RUNTIME = YES;
				HEADER_SEARCH_PATHS = (
					"$(PROJECT_DIR)/xtal-a/Classes",
					"$(PROJECT_DIR)/shared/Classes/Util",
					"$(PROJECT_DIR)/shared/include",
				);
				PRODUCT_NAME = "$(TARGET_NAME)";
			};
			name = Release;
		};
		F4B808952931A6CA0049B6EB /* Debug */ = {
			isa = XCBuildConfiguration;
			buildSettings = {
				CODE_SIGN_STYLE = Automatic;
				DEVELOPMENT_TEAM = S9DMW7WK55;
				PRODUCT_NAME = "$(TARGET_NAME)";
			};
			name = Debug;
		};
		F4B808962931A6CA0049B6EB /* Release */ = {
			isa = XCBuildConfiguration;
			buildSettings = {
				CODE_SIGN_STYLE = Automatic;
				DEVELOPMENT_TEAM = S9DMW7WK55;
				PRODUCT_NAME = "$(TARGET_NAME)";
			};
			name = Release;
		};
/* End XCBuildConfiguration section */

/* Begin XCConfigurationList section */
		F480EF032922B472008584FB /* Build configuration list for PBXProject "xtal" */ = {
			isa = XCConfigurationList;
			buildConfigurations = (
				F480EF0D2922B472008584FB /* Debug */,
				F480EF0E2922B472008584FB /* Release */,
			);
			defaultConfigurationIsVisible = 0;
			defaultConfigurationName = Release;
		};
		F480EF0F2922B472008584FB /* Build configuration list for PBXNativeTarget "xtal" */ = {
			isa = XCConfigurationList;
			buildConfigurations = (
				F480EF102922B472008584FB /* Debug */,
				F480EF112922B472008584FB /* Release */,
			);
			defaultConfigurationIsVisible = 0;
			defaultConfigurationName = Release;
		};
		F480EF1C2922B512008584FB /* Build configuration list for PBXNativeTarget "xtal-c" */ = {
			isa = XCConfigurationList;
			buildConfigurations = (
				F480EF1A2922B512008584FB /* Debug */,
				F480EF1B2922B512008584FB /* Release */,
			);
			defaultConfigurationIsVisible = 0;
			defaultConfigurationName = Release;
		};
		F480EF252922B564008584FB /* Build configuration list for PBXNativeTarget "xtal-a" */ = {
			isa = XCConfigurationList;
			buildConfigurations = (
				F480EF262922B564008584FB /* Debug */,
				F480EF272922B564008584FB /* Release */,
			);
			defaultConfigurationIsVisible = 0;
			defaultConfigurationName = Release;
		};
		F4B808972931A6CA0049B6EB /* Build configuration list for PBXAggregateTarget "all" */ = {
			isa = XCConfigurationList;
			buildConfigurations = (
				F4B808952931A6CA0049B6EB /* Debug */,
				F4B808962931A6CA0049B6EB /* Release */,
			);
			defaultConfigurationIsVisible = 0;
			defaultConfigurationName = Release;
		};
/* End XCConfigurationList section */
	};
	rootObject = F480EF002922B472008584FB /* Project object */;
}
