<?xml version="1.0" encoding="UTF-8"?>
<Scheme
   LastUpgradeVersion = "1410"
   version = "1.3">
   <BuildAction
      parallelizeBuildables = "YES"
      buildImplicitDependencies = "YES">
      <BuildActionEntries>
         <BuildActionEntry
            buildForTesting = "YES"
            buildForRunning = "YES"
            buildForProfiling = "YES"
            buildForArchiving = "YES"
            buildForAnalyzing = "YES">
            <BuildableReference
               BuildableIdentifier = "primary"
               BlueprintIdentifier = "F480EF152922B512008584FB"
               BuildableName = "xtal-c"
               BlueprintName = "xtal-c"
               ReferencedContainer = "container:xtal.xcodeproj">
            </BuildableReference>
         </BuildActionEntry>
      </BuildActionEntries>
   </BuildAction>
   <TestAction
      buildConfiguration = "Debug"
      selectedDebuggerIdentifier = "Xcode.DebuggerFoundation.Debugger.LLDB"
      selectedLauncherIdentifier = "Xcode.DebuggerFoundation.Launcher.LLDB"
      shouldUseLaunchSchemeArgsEnv = "YES">
      <Testables>
      </Testables>
   </TestAction>
   <LaunchAction
      buildConfiguration = "Debug"
      selectedDebuggerIdentifier = "Xcode.DebuggerFoundation.Debugger.LLDB"
      selectedLauncherIdentifier = "Xcode.DebuggerFoundation.Launcher.LLDB"
      launchStyle = "0"
      useCustomWorkingDirectory = "NO"
      ignoresPersistentStateOnLaunch = "NO"
      debugDocumentVersioning = "YES"
      debugServiceExtension = "internal"
      allowLocationSimulation = "YES"
      viewDebuggingEnabled = "No">
      <BuildableProductRunnable
         runnableDebuggingMode = "0">
         <BuildableReference
            BuildableIdentifier = "primary"
            BlueprintIdentifier = "F480EF152922B512008584FB"
            BuildableName = "xtal-c"
            BlueprintName = "xtal-c"
            ReferencedContainer = "container:xtal.xcodeproj">
         </BuildableReference>
      </BuildableProductRunnable>
      <CommandLineArguments>
         <CommandLineArgument
            argument = "$PROJECT_DIR/xtal-c/Tests/01/test.01"
            isEnabled = "NO">
         </CommandLineArgument>
         <CommandLineArgument
            argument = "$PROJECT_DIR/xtal-c/Tests/15/ptr.xt -d"
            isEnabled = "NO">
         </CommandLineArgument>
         <CommandLineArgument
            argument = "$PROJECT_DIR/xtal-c/Tests/16/comma.xt -d"
            isEnabled = "NO">
         </CommandLineArgument>
         <CommandLineArgument
            argument = "$PROJECT_DIR/xtal-c/Tests/17/scale.xt -d"
            isEnabled = "NO">
         </CommandLineArgument>
         <CommandLineArgument
            argument = "$PROJECT_DIR/xtal-c/Tests/18/rval.xt -d"
            isEnabled = "NO">
         </CommandLineArgument>
         <CommandLineArgument
            argument = "$PROJECT_DIR/xtal-c/Tests/19/brackets.xt -d"
            isEnabled = "NO">
         </CommandLineArgument>
         <CommandLineArgument
            argument = "$PROJECT_DIR/xtal-c/Tests/19-arrays/array.xt -d -T"
            isEnabled = "NO">
         </CommandLineArgument>
         <CommandLineArgument
            argument = "$PROJECT_DIR/xtal-c/Tests/20-strings/string.xt -d -T"
            isEnabled = "YES">
         </CommandLineArgument>
         <CommandLineArgument
            argument = "$PROJECT_DIR/xtal-c/Tests/12/add16u.xt -d"
            isEnabled = "NO">
         </CommandLineArgument>
         <CommandLineArgument
            argument = "$PROJECT_DIR/xtal-c/Tests/12/test.01 -d -o /var/folders/th/63xq4hqx6yqcx57qgds7ry7r0000gn/T/5PN2qmWq.asm"
            isEnabled = "NO">
         </CommandLineArgument>
         <CommandLineArgument
            argument = "$PROJECT_DIR/xtal-c/Tests/05/test01"
            isEnabled = "NO">
         </CommandLineArgument>
         <CommandLineArgument
            argument = "$PROJECT_DIR/xtal-c/Tests/06/test.01"
            isEnabled = "NO">
         </CommandLineArgument>
         <CommandLineArgument
            argument = "$PROJECT_DIR/xtal-c/Tests/07/test.02 -d"
            isEnabled = "NO">
         </CommandLineArgument>
         <CommandLineArgument
            argument = "$PROJECT_DIR/xtal-c/Tests/08/test.01 -d"
            isEnabled = "NO">
         </CommandLineArgument>
         <CommandLineArgument
            argument = "$PROJECT_DIR/xtal-c/Tests/09/test.01 -d"
            isEnabled = "NO">
         </CommandLineArgument>
         <CommandLineArgument
            argument = "-o /tmp/out.asm &apos;/Users/simon/src/xtal/xtal-c/Tests/15/ptr.xt&apos;"
            isEnabled = "NO">
         </CommandLineArgument>
      </CommandLineArguments>
   </LaunchAction>
   <ProfileAction
      buildConfiguration = "Release"
      shouldUseLaunchSchemeArgsEnv = "YES"
      savedToolIdentifier = ""
      useCustomWorkingDirectory = "NO"
      debugDocumentVersioning = "YES">
      <BuildableProductRunnable
         runnableDebuggingMode = "0">
         <BuildableReference
            BuildableIdentifier = "primary"
            BlueprintIdentifier = "F480EF152922B512008584FB"
            BuildableName = "xtal-c"
            BlueprintName = "xtal-c"
            ReferencedContainer = "container:xtal.xcodeproj">
         </BuildableReference>
      </BuildableProductRunnable>
   </ProfileAction>
   <AnalyzeAction
      buildConfiguration = "Debug">
   </AnalyzeAction>
   <ArchiveAction
      buildConfiguration = "Release"
      revealArchiveInOrganizer = "YES">
   </ArchiveAction>
</Scheme>
